
Microsoft Visual Studio Solution File, Format Version 12.00
# Visual Studio Version 17
VisualStudioVersion = 17.3.32825.248
MinimumVisualStudioVersion = 10.0.40219.1
Project("{FAE04EC0-301F-11D3-BF4B-00C04F79EFBC}") = "Uppgift 3.15_", "Uppgift 3.15_\Uppgift 3.15_.csproj", "{BD939C6F-C421-469B-94CF-38A27CC4BB97}"
EndProject
Global
	GlobalSection(SolutionConfigurationPlatforms) = preSolution
		Debug|Any CPU = Debug|Any CPU
		Release|Any CPU = Release|Any CPU
	EndGlobalSection
	GlobalSection(ProjectConfigurationPlatforms) = postSolution
		{BD939C6F-C421-469B-94CF-38A27CC4BB97}.Debug|Any CPU.ActiveCfg = Debug|Any CPU
		{BD939C6F-C421-469B-94CF-38A27CC4BB97}.Debug|Any CPU.Build.0 = Debug|Any CPU
		{BD939C6F-C421-469B-94CF-38A27CC4BB97}.Release|Any CPU.ActiveCfg = Release|Any CPU
		{BD939C6F-C421-469B-94CF-38A27CC4BB97}.Release|Any CPU.Build.0 = Release|Any CPU
	EndGlobalSection
	GlobalSection(SolutionProperties) = preSolution
		HideSolutionNode = FALSE
	EndGlobalSection
	GlobalSection(ExtensibilityGlobals) = postSolution
		SolutionGuid = {7DAF88D6-983D-4FEE-AF49-62450D1D09C7}
	EndGlobalSection
EndGlobal
